
Microsoft Visual Studio Solution File, Format Version 12.00
# Visual Studio Version 17
VisualStudioVersion = 17.12.35707.178 d17.12
MinimumVisualStudioVersion = 10.0.40219.1
Project("{FAE04EC0-301F-11D3-BF4B-00C04F79EFBC}") = "EventBasePart2", "EventBasePart2.csproj", "{040B0AFA-60B1-48D7-AC86-07567B13B691}"
EndProject
Global
	GlobalSection(SolutionConfigurationPlatforms) = preSolution
		Debug|Any CPU = Debug|Any CPU
		Release|Any CPU = Release|Any CPU
	EndGlobalSection
	GlobalSection(ProjectConfigurationPlatforms) = postSolution
		{040B0AFA-60B1-48D7-AC86-07567B13B691}.Debug|Any CPU.ActiveCfg = Debug|Any CPU
		{040B0AFA-60B1-48D7-AC86-07567B13B691}.Debug|Any CPU.Build.0 = Debug|Any CPU
		{040B0AFA-60B1-48D7-AC86-07567B13B691}.Release|Any CPU.ActiveCfg = Release|Any CPU
		{040B0AFA-60B1-48D7-AC86-07567B13B691}.Release|Any CPU.Build.0 = Release|Any CPU
	EndGlobalSection
	GlobalSection(SolutionProperties) = preSolution
		HideSolutionNode = FALSE
	EndGlobalSection
EndGlobal
